// !$*UTF8*$!
{
	archiveVersion = 1;
	classes = {
	};
	objectVersion = 56;
	objects = {

/* Begin PBXBuildFile section */
		A344F1262AD03FE800F9046B /* Launch Screen.storyboard in Resources */ = {isa = PBXBuildFile; fileRef = A344F1252AD03FE800F9046B /* Launch Screen.storyboard */; };
		A39768E82ACEE00B00631BFE /* ToDoListApp.swift in Sources */ = {isa = PBXBuildFile; fileRef = A39768E72ACEE00B00631BFE /* ToDoListApp.swift */; };
		A39768EA2ACEE00B00631BFE /* MainView.swift in Sources */ = {isa = PBXBuildFile; fileRef = A39768E92ACEE00B00631BFE /* MainView.swift */; };
		A39768EC2ACEE00C00631BFE /* Assets.xcassets in Resources */ = {isa = PBXBuildFile; fileRef = A39768EB2ACEE00C00631BFE /* Assets.xcassets */; };
		A39768EF2ACEE00C00631BFE /* Preview Assets.xcassets in Resources */ = {isa = PBXBuildFile; fileRef = A39768EE2ACEE00C00631BFE /* Preview Assets.xcassets */; };
		A39768F92ACEE00C00631BFE /* ToDoListTests.swift in Sources */ = {isa = PBXBuildFile; fileRef = A39768F82ACEE00C00631BFE /* ToDoListTests.swift */; };
		A39769032ACEE00C00631BFE /* ToDoListUITests.swift in Sources */ = {isa = PBXBuildFile; fileRef = A39769022ACEE00C00631BFE /* ToDoListUITests.swift */; };
		A39769052ACEE00C00631BFE /* ToDoListUITestsLaunchTests.swift in Sources */ = {isa = PBXBuildFile; fileRef = A39769042ACEE00C00631BFE /* ToDoListUITestsLaunchTests.swift */; };
		A39769132ACEE51300631BFE /* FirebaseAuth in Frameworks */ = {isa = PBXBuildFile; productRef = A39769122ACEE51300631BFE /* FirebaseAuth */; };
		A39769152ACEE51300631BFE /* FirebaseFirestore in Frameworks */ = {isa = PBXBuildFile; productRef = A39769142ACEE51300631BFE /* FirebaseFirestore */; };
		A39769172ACEE51300631BFE /* FirebaseFirestoreSwift in Frameworks */ = {isa = PBXBuildFile; productRef = A39769162ACEE51300631BFE /* FirebaseFirestoreSwift */; };
		A39769192ACEE86200631BFE /* GoogleService-Info.plist in Resources */ = {isa = PBXBuildFile; fileRef = A39769182ACEE86100631BFE /* GoogleService-Info.plist */; };
		A39769212ACEED7600631BFE /* ProfileView.swift in Sources */ = {isa = PBXBuildFile; fileRef = A39769202ACEED7600631BFE /* ProfileView.swift */; };
		A39769232ACEEDB000631BFE /* ToDoListView.swift in Sources */ = {isa = PBXBuildFile; fileRef = A39769222ACEEDB000631BFE /* ToDoListView.swift */; };
		A39769252ACEEDDA00631BFE /* NewItemView.swift in Sources */ = {isa = PBXBuildFile; fileRef = A39769242ACEEDDA00631BFE /* NewItemView.swift */; };
		A39769272ACEEDEA00631BFE /* LoginView.swift in Sources */ = {isa = PBXBuildFile; fileRef = A39769262ACEEDEA00631BFE /* LoginView.swift */; };
		A39769292ACEEE0700631BFE /* RegisterView.swift in Sources */ = {isa = PBXBuildFile; fileRef = A39769282ACEEE0700631BFE /* RegisterView.swift */; };
		A397692B2ACEEE2000631BFE /* ToDoListItemView.swift in Sources */ = {isa = PBXBuildFile; fileRef = A397692A2ACEEE2000631BFE /* ToDoListItemView.swift */; };
		A397692D2ACEEE6E00631BFE /* User.swift in Sources */ = {isa = PBXBuildFile; fileRef = A397692C2ACEEE6E00631BFE /* User.swift */; };
		A397692F2ACEEE8100631BFE /* ToDoListItem.swift in Sources */ = {isa = PBXBuildFile; fileRef = A397692E2ACEEE8100631BFE /* ToDoListItem.swift */; };
		A39769312ACEEEDD00631BFE /* MainViewViewModel.swift in Sources */ = {isa = PBXBuildFile; fileRef = A39769302ACEEEDD00631BFE /* MainViewViewModel.swift */; };
		A39769332ACEEF0400631BFE /* ProfileViewViewModel.swift in Sources */ = {isa = PBXBuildFile; fileRef = A39769322ACEEF0400631BFE /* ProfileViewViewModel.swift */; };
		A39769352ACEEF3B00631BFE /* ToDoListViewViewModel.swift in Sources */ = {isa = PBXBuildFile; fileRef = A39769342ACEEF3B00631BFE /* ToDoListViewViewModel.swift */; };
		A39769372ACEEF5500631BFE /* NewItemViewViewModel.swift in Sources */ = {isa = PBXBuildFile; fileRef = A39769362ACEEF5500631BFE /* NewItemViewViewModel.swift */; };
		A39769392ACEEF7A00631BFE /* LoginViewViewModel.swift in Sources */ = {isa = PBXBuildFile; fileRef = A39769382ACEEF7A00631BFE /* LoginViewViewModel.swift */; };
		A397693B2ACEEF8F00631BFE /* RegisterViewViewModel.swift in Sources */ = {isa = PBXBuildFile; fileRef = A397693A2ACEEF8F00631BFE /* RegisterViewViewModel.swift */; };
		A397693D2ACEEFB700631BFE /* ToDoListItemViewViewModel.swift in Sources */ = {isa = PBXBuildFile; fileRef = A397693C2ACEEFB700631BFE /* ToDoListItemViewViewModel.swift */; };
		A397693F2ACEF46C00631BFE /* HeaderView.swift in Sources */ = {isa = PBXBuildFile; fileRef = A397693E2ACEF46C00631BFE /* HeaderView.swift */; };
		A39769412ACEFD4D00631BFE /* TLButton.swift in Sources */ = {isa = PBXBuildFile; fileRef = A39769402ACEFD4D00631BFE /* TLButton.swift */; };
		A39769432ACF0FE200631BFE /* Extensions.swift in Sources */ = {isa = PBXBuildFile; fileRef = A39769422ACF0FE200631BFE /* Extensions.swift */; };
/* End PBXBuildFile section */

/* Begin PBXContainerItemProxy section */
		A39768F52ACEE00C00631BFE /* PBXContainerItemProxy */ = {
			isa = PBXContainerItemProxy;
			containerPortal = A39768DC2ACEE00B00631BFE /* Project object */;
			proxyType = 1;
			remoteGlobalIDString = A39768E32ACEE00B00631BFE;
			remoteInfo = ToDoList;
		};
		A39768FF2ACEE00C00631BFE /* PBXContainerItemProxy */ = {
			isa = PBXContainerItemProxy;
			containerPortal = A39768DC2ACEE00B00631BFE /* Project object */;
			proxyType = 1;
			remoteGlobalIDString = A39768E32ACEE00B00631BFE;
			remoteInfo = ToDoList;
		};
/* End PBXContainerItemProxy section */

/* Begin PBXFileReference section */
		A344F1252AD03FE800F9046B /* Launch Screen.storyboard */ = {isa = PBXFileReference; lastKnownFileType = file.storyboard; path = "Launch Screen.storyboard"; sourceTree = "<group>"; };
		A39768E42ACEE00B00631BFE /* ToDoList.app */ = {isa = PBXFileReference; explicitFileType = wrapper.application; includeInIndex = 0; path = ToDoList.app; sourceTree = BUILT_PRODUCTS_DIR; };
		A39768E72ACEE00B00631BFE /* ToDoListApp.swift */ = {isa = PBXFileReference; lastKnownFileType = sourcecode.swift; path = ToDoListApp.swift; sourceTree = "<group>"; };
		A39768E92ACEE00B00631BFE /* MainView.swift */ = {isa = PBXFileReference; lastKnownFileType = sourcecode.swift; path = MainView.swift; sourceTree = "<group>"; };
		A39768EB2ACEE00C00631BFE /* Assets.xcassets */ = {isa = PBXFileReference; lastKnownFileType = folder.assetcatalog; path = Assets.xcassets; sourceTree = "<group>"; };
		A39768EE2ACEE00C00631BFE /* Preview Assets.xcassets */ = {isa = PBXFileReference; lastKnownFileType = folder.assetcatalog; path = "Preview Assets.xcassets"; sourceTree = "<group>"; };
		A39768F42ACEE00C00631BFE /* ToDoListTests.xctest */ = {isa = PBXFileReference; explicitFileType = wrapper.cfbundle; includeInIndex = 0; path = ToDoListTests.xctest; sourceTree = BUILT_PRODUCTS_DIR; };
		A39768F82ACEE00C00631BFE /* ToDoListTests.swift */ = {isa = PBXFileReference; lastKnownFileType = sourcecode.swift; path = ToDoListTests.swift; sourceTree = "<group>"; };
		A39768FE2ACEE00C00631BFE /* ToDoListUITests.xctest */ = {isa = PBXFileReference; explicitFileType = wrapper.cfbundle; includeInIndex = 0; path = ToDoListUITests.xctest; sourceTree = BUILT_PRODUCTS_DIR; };
		A39769022ACEE00C00631BFE /* ToDoListUITests.swift */ = {isa = PBXFileReference; lastKnownFileType = sourcecode.swift; path = ToDoListUITests.swift; sourceTree = "<group>"; };
		A39769042ACEE00C00631BFE /* ToDoListUITestsLaunchTests.swift */ = {isa = PBXFileReference; lastKnownFileType = sourcecode.swift; path = ToDoListUITestsLaunchTests.swift; sourceTree = "<group>"; };
		A39769182ACEE86100631BFE /* GoogleService-Info.plist */ = {isa = PBXFileReference; fileEncoding = 4; lastKnownFileType = text.plist.xml; path = "GoogleService-Info.plist"; sourceTree = "<group>"; };
		A39769202ACEED7600631BFE /* ProfileView.swift */ = {isa = PBXFileReference; lastKnownFileType = sourcecode.swift; path = ProfileView.swift; sourceTree = "<group>"; };
		A39769222ACEEDB000631BFE /* ToDoListView.swift */ = {isa = PBXFileReference; lastKnownFileType = sourcecode.swift; path = ToDoListView.swift; sourceTree = "<group>"; };
		A39769242ACEEDDA00631BFE /* NewItemView.swift */ = {isa = PBXFileReference; lastKnownFileType = sourcecode.swift; path = NewItemView.swift; sourceTree = "<group>"; };
		A39769262ACEEDEA00631BFE /* LoginView.swift */ = {isa = PBXFileReference; lastKnownFileType = sourcecode.swift; path = LoginView.swift; sourceTree = "<group>"; };
		A39769282ACEEE0700631BFE /* RegisterView.swift */ = {isa = PBXFileReference; lastKnownFileType = sourcecode.swift; path = RegisterView.swift; sourceTree = "<group>"; };
		A397692A2ACEEE2000631BFE /* ToDoListItemView.swift */ = {isa = PBXFileReference; lastKnownFileType = sourcecode.swift; path = ToDoListItemView.swift; sourceTree = "<group>"; };
		A397692C2ACEEE6E00631BFE /* User.swift */ = {isa = PBXFileReference; lastKnownFileType = sourcecode.swift; path = User.swift; sourceTree = "<group>"; };
		A397692E2ACEEE8100631BFE /* ToDoListItem.swift */ = {isa = PBXFileReference; lastKnownFileType = sourcecode.swift; path = ToDoListItem.swift; sourceTree = "<group>"; };
		A39769302ACEEEDD00631BFE /* MainViewViewModel.swift */ = {isa = PBXFileReference; lastKnownFileType = sourcecode.swift; path = MainViewViewModel.swift; sourceTree = "<group>"; };
		A39769322ACEEF0400631BFE /* ProfileViewViewModel.swift */ = {isa = PBXFileReference; lastKnownFileType = sourcecode.swift; path = ProfileViewViewModel.swift; sourceTree = "<group>"; };
		A39769342ACEEF3B00631BFE /* ToDoListViewViewModel.swift */ = {isa = PBXFileReference; lastKnownFileType = sourcecode.swift; path = ToDoListViewViewModel.swift; sourceTree = "<group>"; };
		A39769362ACEEF5500631BFE /* NewItemViewViewModel.swift */ = {isa = PBXFileReference; lastKnownFileType = sourcecode.swift; path = NewItemViewViewModel.swift; sourceTree = "<group>"; };
		A39769382ACEEF7A00631BFE /* LoginViewViewModel.swift */ = {isa = PBXFileReference; lastKnownFileType = sourcecode.swift; path = LoginViewViewModel.swift; sourceTree = "<group>"; };
		A397693A2ACEEF8F00631BFE /* RegisterViewViewModel.swift */ = {isa = PBXFileReference; lastKnownFileType = sourcecode.swift; path = RegisterViewViewModel.swift; sourceTree = "<group>"; };
		A397693C2ACEEFB700631BFE /* ToDoListItemViewViewModel.swift */ = {isa = PBXFileReference; lastKnownFileType = sourcecode.swift; path = ToDoListItemViewViewModel.swift; sourceTree = "<group>"; };
		A397693E2ACEF46C00631BFE /* HeaderView.swift */ = {isa = PBXFileReference; lastKnownFileType = sourcecode.swift; path = HeaderView.swift; sourceTree = "<group>"; };
		A39769402ACEFD4D00631BFE /* TLButton.swift */ = {isa = PBXFileReference; lastKnownFileType = sourcecode.swift; path = TLButton.swift; sourceTree = "<group>"; };
		A39769422ACF0FE200631BFE /* Extensions.swift */ = {isa = PBXFileReference; lastKnownFileType = sourcecode.swift; path = Extensions.swift; sourceTree = "<group>"; };
/* End PBXFileReference section */

/* Begin PBXFrameworksBuildPhase section */
		A39768E12ACEE00B00631BFE /* Frameworks */ = {
			isa = PBXFrameworksBuildPhase;
			buildActionMask = 2147483647;
			files = (
				A39769132ACEE51300631BFE /* FirebaseAuth in Frameworks */,
				A39769152ACEE51300631BFE /* FirebaseFirestore in Frameworks */,
				A39769172ACEE51300631BFE /* FirebaseFirestoreSwift in Frameworks */,
			);
			runOnlyForDeploymentPostprocessing = 0;
		};
		A39768F12ACEE00C00631BFE /* Frameworks */ = {
			isa = PBXFrameworksBuildPhase;
			buildActionMask = 2147483647;
			files = (
			);
			runOnlyForDeploymentPostprocessing = 0;
		};
		A39768FB2ACEE00C00631BFE /* Frameworks */ = {
			isa = PBXFrameworksBuildPhase;
			buildActionMask = 2147483647;
			files = (
			);
			runOnlyForDeploymentPostprocessing = 0;
		};
/* End PBXFrameworksBuildPhase section */

/* Begin PBXGroup section */
		A39768DB2ACEE00B00631BFE = {
			isa = PBXGroup;
			children = (
				A39768E62ACEE00B00631BFE /* ToDoList */,
				A39768F72ACEE00C00631BFE /* ToDoListTests */,
				A39769012ACEE00C00631BFE /* ToDoListUITests */,
				A39768E52ACEE00B00631BFE /* Products */,
			);
			sourceTree = "<group>";
		};
		A39768E52ACEE00B00631BFE /* Products */ = {
			isa = PBXGroup;
			children = (
				A39768E42ACEE00B00631BFE /* ToDoList.app */,
				A39768F42ACEE00C00631BFE /* ToDoListTests.xctest */,
				A39768FE2ACEE00C00631BFE /* ToDoListUITests.xctest */,
			);
			name = Products;
			sourceTree = "<group>";
		};
		A39768E62ACEE00B00631BFE /* ToDoList */ = {
			isa = PBXGroup;
			children = (
				A397691D2ACEEAAF00631BFE /* Other */,
				A397691C2ACEEA9800631BFE /* Models */,
				A397691B2ACEEA5A00631BFE /* ViewModels */,
				A397691A2ACEEA4600631BFE /* Views */,
				A39768ED2ACEE00C00631BFE /* Preview Content */,
			);
			path = ToDoList;
			sourceTree = "<group>";
		};
		A39768ED2ACEE00C00631BFE /* Preview Content */ = {
			isa = PBXGroup;
			children = (
				A39768EE2ACEE00C00631BFE /* Preview Assets.xcassets */,
			);
			path = "Preview Content";
			sourceTree = "<group>";
		};
		A39768F72ACEE00C00631BFE /* ToDoListTests */ = {
			isa = PBXGroup;
			children = (
				A39768F82ACEE00C00631BFE /* ToDoListTests.swift */,
			);
			path = ToDoListTests;
			sourceTree = "<group>";
		};
		A39769012ACEE00C00631BFE /* ToDoListUITests */ = {
			isa = PBXGroup;
			children = (
				A39769022ACEE00C00631BFE /* ToDoListUITests.swift */,
				A39769042ACEE00C00631BFE /* ToDoListUITestsLaunchTests.swift */,
			);
			path = ToDoListUITests;
			sourceTree = "<group>";
		};
		A397691A2ACEEA4600631BFE /* Views */ = {
			isa = PBXGroup;
			children = (
				A39768E92ACEE00B00631BFE /* MainView.swift */,
				A39769202ACEED7600631BFE /* ProfileView.swift */,
				A39769222ACEEDB000631BFE /* ToDoListView.swift */,
				A39769242ACEEDDA00631BFE /* NewItemView.swift */,
				A39769262ACEEDEA00631BFE /* LoginView.swift */,
				A39769282ACEEE0700631BFE /* RegisterView.swift */,
				A397692A2ACEEE2000631BFE /* ToDoListItemView.swift */,
				A397693E2ACEF46C00631BFE /* HeaderView.swift */,
				A39769402ACEFD4D00631BFE /* TLButton.swift */,
			);
			path = Views;
			sourceTree = "<group>";
		};
		A397691B2ACEEA5A00631BFE /* ViewModels */ = {
			isa = PBXGroup;
			children = (
				A39769302ACEEEDD00631BFE /* MainViewViewModel.swift */,
				A39769322ACEEF0400631BFE /* ProfileViewViewModel.swift */,
				A39769342ACEEF3B00631BFE /* ToDoListViewViewModel.swift */,
				A39769362ACEEF5500631BFE /* NewItemViewViewModel.swift */,
				A39769382ACEEF7A00631BFE /* LoginViewViewModel.swift */,
				A397693A2ACEEF8F00631BFE /* RegisterViewViewModel.swift */,
				A397693C2ACEEFB700631BFE /* ToDoListItemViewViewModel.swift */,
			);
			path = ViewModels;
			sourceTree = "<group>";
		};
		A397691C2ACEEA9800631BFE /* Models */ = {
			isa = PBXGroup;
			children = (
				A397692C2ACEEE6E00631BFE /* User.swift */,
				A397692E2ACEEE8100631BFE /* ToDoListItem.swift */,
			);
			path = Models;
			sourceTree = "<group>";
		};
		A397691D2ACEEAAF00631BFE /* Other */ = {
			isa = PBXGroup;
			children = (
				A39768EB2ACEE00C00631BFE /* Assets.xcassets */,
				A39769182ACEE86100631BFE /* GoogleService-Info.plist */,
				A39768E72ACEE00B00631BFE /* ToDoListApp.swift */,
				A39769422ACF0FE200631BFE /* Extensions.swift */,
				A344F1252AD03FE800F9046B /* Launch Screen.storyboard */,
			);
			path = Other;
			sourceTree = "<group>";
		};
/* End PBXGroup section */

/* Begin PBXNativeTarget section */
		A39768E32ACEE00B00631BFE /* ToDoList */ = {
			isa = PBXNativeTarget;
			buildConfigurationList = A39769082ACEE00C00631BFE /* Build configuration list for PBXNativeTarget "ToDoList" */;
			buildPhases = (
				A39768E02ACEE00B00631BFE /* Sources */,
				A39768E12ACEE00B00631BFE /* Frameworks */,
				A39768E22ACEE00B00631BFE /* Resources */,
			);
			buildRules = (
			);
			dependencies = (
			);
			name = ToDoList;
			packageProductDependencies = (
				A39769122ACEE51300631BFE /* FirebaseAuth */,
				A39769142ACEE51300631BFE /* FirebaseFirestore */,
				A39769162ACEE51300631BFE /* FirebaseFirestoreSwift */,
			);
			productName = ToDoList;
			productReference = A39768E42ACEE00B00631BFE /* ToDoList.app */;
			productType = "com.apple.product-type.application";
		};
		A39768F32ACEE00C00631BFE /* ToDoListTests */ = {
			isa = PBXNativeTarget;
			buildConfigurationList = A397690B2ACEE00C00631BFE /* Build configuration list for PBXNativeTarget "ToDoListTests" */;
			buildPhases = (
				A39768F02ACEE00C00631BFE /* Sources */,
				A39768F12ACEE00C00631BFE /* Frameworks */,
				A39768F22ACEE00C00631BFE /* Resources */,
			);
			buildRules = (
			);
			dependencies = (
				A39768F62ACEE00C00631BFE /* PBXTargetDependency */,
			);
			name = ToDoListTests;
			productName = ToDoListTests;
			productReference = A39768F42ACEE00C00631BFE /* ToDoListTests.xctest */;
			productType = "com.apple.product-type.bundle.unit-test";
		};
		A39768FD2ACEE00C00631BFE /* ToDoListUITests */ = {
			isa = PBXNativeTarget;
			buildConfigurationList = A397690E2ACEE00C00631BFE /* Build configuration list for PBXNativeTarget "ToDoListUITests" */;
			buildPhases = (
				A39768FA2ACEE00C00631BFE /* Sources */,
				A39768FB2ACEE00C00631BFE /* Frameworks */,
				A39768FC2ACEE00C00631BFE /* Resources */,
			);
			buildRules = (
			);
			dependencies = (
				A39769002ACEE00C00631BFE /* PBXTargetDependency */,
			);
			name = ToDoListUITests;
			productName = ToDoListUITests;
			productReference = A39768FE2ACEE00C00631BFE /* ToDoListUITests.xctest */;
			productType = "com.apple.product-type.bundle.ui-testing";
		};
/* End PBXNativeTarget section */

/* Begin PBXProject section */
		A39768DC2ACEE00B00631BFE /* Project object */ = {
			isa = PBXProject;
			attributes = {
				BuildIndependentTargetsInParallel = 1;
				LastSwiftUpdateCheck = 1500;
				LastUpgradeCheck = 1500;
				TargetAttributes = {
					A39768E32ACEE00B00631BFE = {
						CreatedOnToolsVersion = 15.0;
					};
					A39768F32ACEE00C00631BFE = {
						CreatedOnToolsVersion = 15.0;
						TestTargetID = A39768E32ACEE00B00631BFE;
					};
					A39768FD2ACEE00C00631BFE = {
						CreatedOnToolsVersion = 15.0;
						TestTargetID = A39768E32ACEE00B00631BFE;
					};
				};
			};
			buildConfigurationList = A39768DF2ACEE00B00631BFE /* Build configuration list for PBXProject "ToDoList" */;
			compatibilityVersion = "Xcode 14.0";
			developmentRegion = en;
			hasScannedForEncodings = 0;
			knownRegions = (
				en,
				Base,
			);
			mainGroup = A39768DB2ACEE00B00631BFE;
			packageReferences = (
				A39769112ACEE35500631BFE /* XCRemoteSwiftPackageReference "firebase-ios-sdk" */,
			);
			productRefGroup = A39768E52ACEE00B00631BFE /* Products */;
			projectDirPath = "";
			projectRoot = "";
			targets = (
				A39768E32ACEE00B00631BFE /* ToDoList */,
				A39768F32ACEE00C00631BFE /* ToDoListTests */,
				A39768FD2ACEE00C00631BFE /* ToDoListUITests */,
			);
		};
/* End PBXProject section */

/* Begin PBXResourcesBuildPhase section */
		A39768E22ACEE00B00631BFE /* Resources */ = {
			isa = PBXResourcesBuildPhase;
			buildActionMask = 2147483647;
			files = (
				A39768EF2ACEE00C00631BFE /* Preview Assets.xcassets in Resources */,
				A39768EC2ACEE00C00631BFE /* Assets.xcassets in Resources */,
				A344F1262AD03FE800F9046B /* Launch Screen.storyboard in Resources */,
				A39769192ACEE86200631BFE /* GoogleService-Info.plist in Resources */,
			);
			runOnlyForDeploymentPostprocessing = 0;
		};
		A39768F22ACEE00C00631BFE /* Resources */ = {
			isa = PBXResourcesBuildPhase;
			buildActionMask = 2147483647;
			files = (
			);
			runOnlyForDeploymentPostprocessing = 0;
		};
		A39768FC2ACEE00C00631BFE /* Resources */ = {
			isa = PBXResourcesBuildPhase;
			buildActionMask = 2147483647;
			files = (
			);
			runOnlyForDeploymentPostprocessing = 0;
		};
/* End PBXResourcesBuildPhase section */

/* Begin PBXSourcesBuildPhase section */
		A39768E02ACEE00B00631BFE /* Sources */ = {
			isa = PBXSourcesBuildPhase;
			buildActionMask = 2147483647;
			files = (
				A39769272ACEEDEA00631BFE /* LoginView.swift in Sources */,
				A397693F2ACEF46C00631BFE /* HeaderView.swift in Sources */,
				A39768EA2ACEE00B00631BFE /* MainView.swift in Sources */,
				A397693B2ACEEF8F00631BFE /* RegisterViewViewModel.swift in Sources */,
				A39769312ACEEEDD00631BFE /* MainViewViewModel.swift in Sources */,
				A39769232ACEEDB000631BFE /* ToDoListView.swift in Sources */,
				A39769292ACEEE0700631BFE /* RegisterView.swift in Sources */,
				A39769412ACEFD4D00631BFE /* TLButton.swift in Sources */,
				A39769332ACEEF0400631BFE /* ProfileViewViewModel.swift in Sources */,
				A39769212ACEED7600631BFE /* ProfileView.swift in Sources */,
				A397692D2ACEEE6E00631BFE /* User.swift in Sources */,
				A397692B2ACEEE2000631BFE /* ToDoListItemView.swift in Sources */,
				A39769352ACEEF3B00631BFE /* ToDoListViewViewModel.swift in Sources */,
				A39769392ACEEF7A00631BFE /* LoginViewViewModel.swift in Sources */,
				A39768E82ACEE00B00631BFE /* ToDoListApp.swift in Sources */,
				A39769432ACF0FE200631BFE /* Extensions.swift in Sources */,
				A397692F2ACEEE8100631BFE /* ToDoListItem.swift in Sources */,
				A39769252ACEEDDA00631BFE /* NewItemView.swift in Sources */,
				A39769372ACEEF5500631BFE /* NewItemViewViewModel.swift in Sources */,
				A397693D2ACEEFB700631BFE /* ToDoListItemViewViewModel.swift in Sources */,
			);
			runOnlyForDeploymentPostprocessing = 0;
		};
		A39768F02ACEE00C00631BFE /* Sources */ = {
			isa = PBXSourcesBuildPhase;
			buildActionMask = 2147483647;
			files = (
				A39768F92ACEE00C00631BFE /* ToDoListTests.swift in Sources */,
			);
			runOnlyForDeploymentPostprocessing = 0;
		};
		A39768FA2ACEE00C00631BFE /* Sources */ = {
			isa = PBXSourcesBuildPhase;
			buildActionMask = 2147483647;
			files = (
				A39769052ACEE00C00631BFE /* ToDoListUITestsLaunchTests.swift in Sources */,
				A39769032ACEE00C00631BFE /* ToDoListUITests.swift in Sources */,
			);
			runOnlyForDeploymentPostprocessing = 0;
		};
/* End PBXSourcesBuildPhase section */

/* Begin PBXTargetDependency section */
		A39768F62ACEE00C00631BFE /* PBXTargetDependency */ = {
			isa = PBXTargetDependency;
			target = A39768E32ACEE00B00631BFE /* ToDoList */;
			targetProxy = A39768F52ACEE00C00631BFE /* PBXContainerItemProxy */;
		};
		A39769002ACEE00C00631BFE /* PBXTargetDependency */ = {
			isa = PBXTargetDependency;
			target = A39768E32ACEE00B00631BFE /* ToDoList */;
			targetProxy = A39768FF2ACEE00C00631BFE /* PBXContainerItemProxy */;
		};
/* End PBXTargetDependency section */

/* Begin XCBuildConfiguration section */
		A39769062ACEE00C00631BFE /* Debug */ = {
			isa = XCBuildConfiguration;
			buildSettings = {
				ALWAYS_SEARCH_USER_PATHS = NO;
				ASSETCATALOG_COMPILER_GENERATE_SWIFT_ASSET_SYMBOL_EXTENSIONS = YES;
				CLANG_ANALYZER_NONNULL = YES;
				CLANG_ANALYZER_NUMBER_OBJECT_CONVERSION = YES_AGGRESSIVE;
				CLANG_CXX_LANGUAGE_STANDARD = "gnu++20";
				CLANG_ENABLE_MODULES = YES;
				CLANG_ENABLE_OBJC_ARC = YES;
				CLANG_ENABLE_OBJC_WEAK = YES;
				CLANG_WARN_BLOCK_CAPTURE_AUTORELEASING = YES;
				CLANG_WARN_BOOL_CONVERSION = YES;
				CLANG_WARN_COMMA = YES;
				CLANG_WARN_CONSTANT_CONVERSION = YES;
				CLANG_WARN_DEPRECATED_OBJC_IMPLEMENTATIONS = YES;
				CLANG_WARN_DIRECT_OBJC_ISA_USAGE = YES_ERROR;
				CLANG_WARN_DOCUMENTATION_COMMENTS = YES;
				CLANG_WARN_EMPTY_BODY = YES;
				CLANG_WARN_ENUM_CONVERSION = YES;
				CLANG_WARN_INFINITE_RECURSION = YES;
				CLANG_WARN_INT_CONVERSION = YES;
				CLANG_WARN_NON_LITERAL_NULL_CONVERSION = YES;
				CLANG_WARN_OBJC_IMPLICIT_RETAIN_SELF = YES;
				CLANG_WARN_OBJC_LITERAL_CONVERSION = YES;
				CLANG_WARN_OBJC_ROOT_CLASS = YES_ERROR;
				CLANG_WARN_QUOTED_INCLUDE_IN_FRAMEWORK_HEADER = YES;
				CLANG_WARN_RANGE_LOOP_ANALYSIS = YES;
				CLANG_WARN_STRICT_PROTOTYPES = YES;
				CLANG_WARN_SUSPICIOUS_MOVE = YES;
				CLANG_WARN_UNGUARDED_AVAILABILITY = YES_AGGRESSIVE;
				CLANG_WARN_UNREACHABLE_CODE = YES;
				CLANG_WARN__DUPLICATE_METHOD_MATCH = YES;
				COPY_PHASE_STRIP = NO;
				DEBUG_INFORMATION_FORMAT = dwarf;
				ENABLE_STRICT_OBJC_MSGSEND = YES;
				ENABLE_TESTABILITY = YES;
				ENABLE_USER_SCRIPT_SANDBOXING = YES;
				GCC_C_LANGUAGE_STANDARD = gnu17;
				GCC_DYNAMIC_NO_PIC = NO;
				GCC_NO_COMMON_BLOCKS = YES;
				GCC_OPTIMIZATION_LEVEL = 0;
				GCC_PREPROCESSOR_DEFINITIONS = (
					"DEBUG=1",
					"$(inherited)",
				);
				GCC_WARN_64_TO_32_BIT_CONVERSION = YES;
				GCC_WARN_ABOUT_RETURN_TYPE = YES_ERROR;
				GCC_WARN_UNDECLARED_SELECTOR = YES;
				GCC_WARN_UNINITIALIZED_AUTOS = YES_AGGRESSIVE;
				GCC_WARN_UNUSED_FUNCTION = YES;
				GCC_WARN_UNUSED_VARIABLE = YES;
				IPHONEOS_DEPLOYMENT_TARGET = 17.0;
				LOCALIZATION_PREFERS_STRING_CATALOGS = YES;
				MTL_ENABLE_DEBUG_INFO = INCLUDE_SOURCE;
				MTL_FAST_MATH = YES;
				ONLY_ACTIVE_ARCH = YES;
				SDKROOT = iphoneos;
				SWIFT_ACTIVE_COMPILATION_CONDITIONS = "DEBUG $(inherited)";
				SWIFT_OPTIMIZATION_LEVEL = "-Onone";
			};
			name = Debug;
		};
		A39769072ACEE00C00631BFE /* Release */ = {
			isa = XCBuildConfiguration;
			buildSettings = {
				ALWAYS_SEARCH_USER_PATHS = NO;
				ASSETCATALOG_COMPILER_GENERATE_SWIFT_ASSET_SYMBOL_EXTENSIONS = YES;
				CLANG_ANALYZER_NONNULL = YES;
				CLANG_ANALYZER_NUMBER_OBJECT_CONVERSION = YES_AGGRESSIVE;
				CLANG_CXX_LANGUAGE_STANDARD = "gnu++20";
				CLANG_ENABLE_MODULES = YES;
				CLANG_ENABLE_OBJC_ARC = YES;
				CLANG_ENABLE_OBJC_WEAK = YES;
				CLANG_WARN_BLOCK_CAPTURE_AUTORELEASING = YES;
				CLANG_WARN_BOOL_CONVERSION = YES;
				CLANG_WARN_COMMA = YES;
				CLANG_WARN_CONSTANT_CONVERSION = YES;
				CLANG_WARN_DEPRECATED_OBJC_IMPLEMENTATIONS = YES;
				CLANG_WARN_DIRECT_OBJC_ISA_USAGE = YES_ERROR;
				CLANG_WARN_DOCUMENTATION_COMMENTS = YES;
				CLANG_WARN_EMPTY_BODY = YES;
				CLANG_WARN_ENUM_CONVERSION = YES;
				CLANG_WARN_INFINITE_RECURSION = YES;
				CLANG_WARN_INT_CONVERSION = YES;
				CLANG_WARN_NON_LITERAL_NULL_CONVERSION = YES;
				CLANG_WARN_OBJC_IMPLICIT_RETAIN_SELF = YES;
				CLANG_WARN_OBJC_LITERAL_CONVERSION = YES;
				CLANG_WARN_OBJC_ROOT_CLASS = YES_ERROR;
				CLANG_WARN_QUOTED_INCLUDE_IN_FRAMEWORK_HEADER = YES;
				CLANG_WARN_RANGE_LOOP_ANALYSIS = YES;
				CLANG_WARN_STRICT_PROTOTYPES = YES;
				CLANG_WARN_SUSPICIOUS_MOVE = YES;
				CLANG_WARN_UNGUARDED_AVAILABILITY = YES_AGGRESSIVE;
				CLANG_WARN_UNREACHABLE_CODE = YES;
				CLANG_WARN__DUPLICATE_METHOD_MATCH = YES;
				COPY_PHASE_STRIP = NO;
				DEBUG_INFORMATION_FORMAT = "dwarf-with-dsym";
				ENABLE_NS_ASSERTIONS = NO;
				ENABLE_STRICT_OBJC_MSGSEND = YES;
				ENABLE_USER_SCRIPT_SANDBOXING = YES;
				GCC_C_LANGUAGE_STANDARD = gnu17;
				GCC_NO_COMMON_BLOCKS = YES;
				GCC_WARN_64_TO_32_BIT_CONVERSION = YES;
				GCC_WARN_ABOUT_RETURN_TYPE = YES_ERROR;
				GCC_WARN_UNDECLARED_SELECTOR = YES;
				GCC_WARN_UNINITIALIZED_AUTOS = YES_AGGRESSIVE;
				GCC_WARN_UNUSED_FUNCTION = YES;
				GCC_WARN_UNUSED_VARIABLE = YES;
				IPHONEOS_DEPLOYMENT_TARGET = 17.0;
				LOCALIZATION_PREFERS_STRING_CATALOGS = YES;
				MTL_ENABLE_DEBUG_INFO = NO;
				MTL_FAST_MATH = YES;
				SDKROOT = iphoneos;
				SWIFT_COMPILATION_MODE = wholemodule;
				VALIDATE_PRODUCT = YES;
			};
			name = Release;
		};
		A39769092ACEE00C00631BFE /* Debug */ = {
			isa = XCBuildConfiguration;
			buildSettings = {
				ASSETCATALOG_COMPILER_APPICON_NAME = AppIcon;
				ASSETCATALOG_COMPILER_GLOBAL_ACCENT_COLOR_NAME = AccentColor;
				CODE_SIGN_STYLE = Automatic;
				CURRENT_PROJECT_VERSION = 1;
				DEVELOPMENT_ASSET_PATHS = "\"ToDoList/Preview Content\"";
				ENABLE_PREVIEWS = YES;
				GENERATE_INFOPLIST_FILE = YES;
				INFOPLIST_KEY_CFBundleDisplayName = "To Do List";
				INFOPLIST_KEY_UIApplicationSceneManifest_Generation = YES;
				INFOPLIST_KEY_UIApplicationSupportsIndirectInputEvents = YES;
				INFOPLIST_KEY_UILaunchScreen_Generation = YES;
				INFOPLIST_KEY_UILaunchStoryboardName = "Launch Screen.storyboard";
				INFOPLIST_KEY_UISupportedInterfaceOrientations = UIInterfaceOrientationPortrait;
				LD_RUNPATH_SEARCH_PATHS = (
					"$(inherited)",
					"@executable_path/Frameworks",
				);
				MARKETING_VERSION = 1.0;
				PRODUCT_BUNDLE_IDENTIFIER = io.sunpreet.ToDoList;
				PRODUCT_NAME = "$(TARGET_NAME)";
				SWIFT_EMIT_LOC_STRINGS = YES;
				SWIFT_VERSION = 5.0;
				TARGETED_DEVICE_FAMILY = "1,2";
			};
			name = Debug;
		};
		A397690A2ACEE00C00631BFE /* Release */ = {
			isa = XCBuildConfiguration;
			buildSettings = {
				ASSETCATALOG_COMPILER_APPICON_NAME = AppIcon;
				ASSETCATALOG_COMPILER_GLOBAL_ACCENT_COLOR_NAME = AccentColor;
				CODE_SIGN_STYLE = Automatic;
				CURRENT_PROJECT_VERSION = 1;
				DEVELOPMENT_ASSET_PATHS = "\"ToDoList/Preview Content\"";
				ENABLE_PREVIEWS = YES;
				GENERATE_INFOPLIST_FILE = YES;
				INFOPLIST_KEY_CFBundleDisplayName = "To Do List";
				INFOPLIST_KEY_UIApplicationSceneManifest_Generation = YES;
				INFOPLIST_KEY_UIApplicationSupportsIndirectInputEvents = YES;
				INFOPLIST_KEY_UILaunchScreen_Generation = YES;
				INFOPLIST_KEY_UILaunchStoryboardName = "Launch Screen.storyboard";
				INFOPLIST_KEY_UISupportedInterfaceOrientations = UIInterfaceOrientationPortrait;
				LD_RUNPATH_SEARCH_PATHS = (
					"$(inherited)",
					"@executable_path/Frameworks",
				);
				MARKETING_VERSION = 1.0;
				PRODUCT_BUNDLE_IDENTIFIER = io.sunpreet.ToDoList;
				PRODUCT_NAME = "$(TARGET_NAME)";
				SWIFT_EMIT_LOC_STRINGS = YES;
				SWIFT_VERSION = 5.0;
				TARGETED_DEVICE_FAMILY = "1,2";
			};
			name = Release;
		};
		A397690C2ACEE00C00631BFE /* Debug */ = {
			isa = XCBuildConfiguration;
			buildSettings = {
				ALWAYS_EMBED_SWIFT_STANDARD_LIBRARIES = YES;
				BUNDLE_LOADER = "$(TEST_HOST)";
				CODE_SIGN_STYLE = Automatic;
				CURRENT_PROJECT_VERSION = 1;
				GENERATE_INFOPLIST_FILE = YES;
				IPHONEOS_DEPLOYMENT_TARGET = 17.0;
				MARKETING_VERSION = 1.0;
				PRODUCT_BUNDLE_IDENTIFIER = io.sunpreet.ToDoListTests;
				PRODUCT_NAME = "$(TARGET_NAME)";
				SWIFT_EMIT_LOC_STRINGS = NO;
				SWIFT_VERSION = 5.0;
				TARGETED_DEVICE_FAMILY = "1,2";
				TEST_HOST = "$(BUILT_PRODUCTS_DIR)/ToDoList.app/$(BUNDLE_EXECUTABLE_FOLDER_PATH)/ToDoList";
			};
			name = Debug;
		};
		A397690D2ACEE00C00631BFE /* Release */ = {
			isa = XCBuildConfiguration;
			buildSettings = {
				ALWAYS_EMBED_SWIFT_STANDARD_LIBRARIES = YES;
				BUNDLE_LOADER = "$(TEST_HOST)";
				CODE_SIGN_STYLE = Automatic;
				CURRENT_PROJECT_VERSION = 1;
				GENERATE_INFOPLIST_FILE = YES;
				IPHONEOS_DEPLOYMENT_TARGET = 17.0;
				MARKETING_VERSION = 1.0;
				PRODUCT_BUNDLE_IDENTIFIER = io.sunpreet.ToDoListTests;
				PRODUCT_NAME = "$(TARGET_NAME)";
				SWIFT_EMIT_LOC_STRINGS = NO;
				SWIFT_VERSION = 5.0;
				TARGETED_DEVICE_FAMILY = "1,2";
				TEST_HOST = "$(BUILT_PRODUCTS_DIR)/ToDoList.app/$(BUNDLE_EXECUTABLE_FOLDER_PATH)/ToDoList";
			};
			name = Release;
		};
		A397690F2ACEE00C00631BFE /* Debug */ = {
			isa = XCBuildConfiguration;
			buildSettings = {
				ALWAYS_EMBED_SWIFT_STANDARD_LIBRARIES = YES;
				CODE_SIGN_STYLE = Automatic;
				CURRENT_PROJECT_VERSION = 1;
				GENERATE_INFOPLIST_FILE = YES;
				MARKETING_VERSION = 1.0;
				PRODUCT_BUNDLE_IDENTIFIER = io.sunpreet.ToDoListUITests;
				PRODUCT_NAME = "$(TARGET_NAME)";
				SWIFT_EMIT_LOC_STRINGS = NO;
				SWIFT_VERSION = 5.0;
				TARGETED_DEVICE_FAMILY = "1,2";
				TEST_TARGET_NAME = ToDoList;
			};
			name = Debug;
		};
		A39769102ACEE00C00631BFE /* Release */ = {
			isa = XCBuildConfiguration;
			buildSettings = {
				ALWAYS_EMBED_SWIFT_STANDARD_LIBRARIES = YES;
				CODE_SIGN_STYLE = Automatic;
				CURRENT_PROJECT_VERSION = 1;
				GENERATE_INFOPLIST_FILE = YES;
				MARKETING_VERSION = 1.0;
				PRODUCT_BUNDLE_IDENTIFIER = io.sunpreet.ToDoListUITests;
				PRODUCT_NAME = "$(TARGET_NAME)";
				SWIFT_EMIT_LOC_STRINGS = NO;
				SWIFT_VERSION = 5.0;
				TARGETED_DEVICE_FAMILY = "1,2";
				TEST_TARGET_NAME = ToDoList;
			};
			name = Release;
		};
/* End XCBuildConfiguration section */

/* Begin XCConfigurationList section */
		A39768DF2ACEE00B00631BFE /* Build configuration list for PBXProject "ToDoList" */ = {
			isa = XCConfigurationList;
			buildConfigurations = (
				A39769062ACEE00C00631BFE /* Debug */,
				A39769072ACEE00C00631BFE /* Release */,
			);
			defaultConfigurationIsVisible = 0;
			defaultConfigurationName = Release;
		};
		A39769082ACEE00C00631BFE /* Build configuration list for PBXNativeTarget "ToDoList" */ = {
			isa = XCConfigurationList;
			buildConfigurations = (
				A39769092ACEE00C00631BFE /* Debug */,
				A397690A2ACEE00C00631BFE /* Release */,
			);
			defaultConfigurationIsVisible = 0;
			defaultConfigurationName = Release;
		};
		A397690B2ACEE00C00631BFE /* Build configuration list for PBXNativeTarget "ToDoListTests" */ = {
			isa = XCConfigurationList;
			buildConfigurations = (
				A397690C2ACEE00C00631BFE /* Debug */,
				A397690D2ACEE00C00631BFE /* Release */,
			);
			defaultConfigurationIsVisible = 0;
			defaultConfigurationName = Release;
		};
		A397690E2ACEE00C00631BFE /* Build configuration list for PBXNativeTarget "ToDoListUITests" */ = {
			isa = XCConfigurationList;
			buildConfigurations = (
				A397690F2ACEE00C00631BFE /* Debug */,
				A39769102ACEE00C00631BFE /* Release */,
			);
			defaultConfigurationIsVisible = 0;
			defaultConfigurationName = Release;
		};
/* End XCConfigurationList section */

/* Begin XCRemoteSwiftPackageReference section */
		A39769112ACEE35500631BFE /* XCRemoteSwiftPackageReference "firebase-ios-sdk" */ = {
			isa = XCRemoteSwiftPackageReference;
			repositoryURL = "https://github.com/firebase/firebase-ios-sdk";
			requirement = {
				kind = upToNextMajorVersion;
				minimumVersion = 10.16.0;
			};
		};
/* End XCRemoteSwiftPackageReference section */

/* Begin XCSwiftPackageProductDependency section */
		A39769122ACEE51300631BFE /* FirebaseAuth */ = {
			isa = XCSwiftPackageProductDependency;
			package = A39769112ACEE35500631BFE /* XCRemoteSwiftPackageReference "firebase-ios-sdk" */;
			productName = FirebaseAuth;
		};
		A39769142ACEE51300631BFE /* FirebaseFirestore */ = {
			isa = XCSwiftPackageProductDependency;
			package = A39769112ACEE35500631BFE /* XCRemoteSwiftPackageReference "firebase-ios-sdk" */;
			productName = FirebaseFirestore;
		};
		A39769162ACEE51300631BFE /* FirebaseFirestoreSwift */ = {
			isa = XCSwiftPackageProductDependency;
			package = A39769112ACEE35500631BFE /* XCRemoteSwiftPackageReference "firebase-ios-sdk" */;
			productName = FirebaseFirestoreSwift;
		};
/* End XCSwiftPackageProductDependency section */
	};
	rootObject = A39768DC2ACEE00B00631BFE /* Project object */;
}
